
Microsoft Visual Studio Solution File, Format Version 12.00
# Visual Studio Version 16
VisualStudioVersion = 16.0.30907.101
MinimumVisualStudioVersion = 10.0.40219.1
Project("{9A19103F-16F7-4668-BE54-9A1E7A4F7556}") = "DataAccess", "DataAccess\DataAccess.csproj", "{81F87917-D604-41AC-9088-238A932C4E75}"
EndProject
Project("{9A19103F-16F7-4668-BE54-9A1E7A4F7556}") = "Business", "Business\Business.csproj", "{17B04FBE-807E-406F-AEAA-52DBCA5C0D3A}"
EndProject
Project("{9A19103F-16F7-4668-BE54-9A1E7A4F7556}") = "Entities", "Entities\Entities.csproj", "{FFC9B9BA-4BD3-4055-8DA4-FB97C8C82F02}"
EndProject
Project("{9A19103F-16F7-4668-BE54-9A1E7A4F7556}") = "ConsoleUI", "ConsoleUI\ConsoleUI.csproj", "{D08E6272-6882-435C-ABEF-6CB6E38D10E5}"
EndProject
Project("{FAE04EC0-301F-11D3-BF4B-00C04F79EFBC}") = "Core", "Core\Core.csproj", "{B878C6EC-1A7D-4FE5-8657-84A116020781}"
EndProject
Global
	GlobalSection(SolutionConfigurationPlatforms) = preSolution
		Debug|Any CPU = Debug|Any CPU
		Release|Any CPU = Release|Any CPU
	EndGlobalSection
	GlobalSection(ProjectConfigurationPlatforms) = postSolution
		{81F87917-D604-41AC-9088-238A932C4E75}.Debug|Any CPU.ActiveCfg = Debug|Any CPU
		{81F87917-D604-41AC-9088-238A932C4E75}.Debug|Any CPU.Build.0 = Debug|Any CPU
		{81F87917-D604-41AC-9088-238A932C4E75}.Release|Any CPU.ActiveCfg = Release|Any CPU
		{81F87917-D604-41AC-9088-238A932C4E75}.Release|Any CPU.Build.0 = Release|Any CPU
		{17B04FBE-807E-406F-AEAA-52DBCA5C0D3A}.Debug|Any CPU.ActiveCfg = Debug|Any CPU
		{17B04FBE-807E-406F-AEAA-52DBCA5C0D3A}.Debug|Any CPU.Build.0 = Debug|Any CPU
		{17B04FBE-807E-406F-AEAA-52DBCA5C0D3A}.Release|Any CPU.ActiveCfg = Release|Any CPU
		{17B04FBE-807E-406F-AEAA-52DBCA5C0D3A}.Release|Any CPU.Build.0 = Release|Any CPU
		{FFC9B9BA-4BD3-4055-8DA4-FB97C8C82F02}.Debug|Any CPU.ActiveCfg = Debug|Any CPU
		{FFC9B9BA-4BD3-4055-8DA4-FB97C8C82F02}.Debug|Any CPU.Build.0 = Debug|Any CPU
		{FFC9B9BA-4BD3-4055-8DA4-FB97C8C82F02}.Release|Any CPU.ActiveCfg = Release|Any CPU
		{FFC9B9BA-4BD3-4055-8DA4-FB97C8C82F02}.Release|Any CPU.Build.0 = Release|Any CPU
		{D08E6272-6882-435C-ABEF-6CB6E38D10E5}.Debug|Any CPU.ActiveCfg = Debug|Any CPU
		{D08E6272-6882-435C-ABEF-6CB6E38D10E5}.Debug|Any CPU.Build.0 = Debug|Any CPU
		{D08E6272-6882-435C-ABEF-6CB6E38D10E5}.Release|Any CPU.ActiveCfg = Release|Any CPU
		{D08E6272-6882-435C-ABEF-6CB6E38D10E5}.Release|Any CPU.Build.0 = Release|Any CPU
		{B878C6EC-1A7D-4FE5-8657-84A116020781}.Debug|Any CPU.ActiveCfg = Debug|Any CPU
		{B878C6EC-1A7D-4FE5-8657-84A116020781}.Debug|Any CPU.Build.0 = Debug|Any CPU
		{B878C6EC-1A7D-4FE5-8657-84A116020781}.Release|Any CPU.ActiveCfg = Release|Any CPU
		{B878C6EC-1A7D-4FE5-8657-84A116020781}.Release|Any CPU.Build.0 = Release|Any CPU
	EndGlobalSection
	GlobalSection(SolutionProperties) = preSolution
		HideSolutionNode = FALSE
	EndGlobalSection
	GlobalSection(ExtensibilityGlobals) = postSolution
		SolutionGuid = {BEC83C94-5827-410F-80D8-BAC910EB941C}
	EndGlobalSection
EndGlobal
